<?xml version="1.0" encoding="utf-8"?>
<Project ToolsVersion="Current" xmlns="http://schemas.microsoft.com/developer/msbuild/2003">
  <ItemGroup>
    <Filter Include="deep-learning">
      <UniqueIdentifier>{7d7a9a65-56f0-4b70-ab69-4c4ed8d968de}</UniqueIdentifier>
    </Filter>
    <Filter Include="deep-learning\v1">
      <UniqueIdentifier>{4f9da11a-d04d-4233-8fb4-7610798fabee}</UniqueIdentifier>
    </Filter>
  </ItemGroup>
  <ItemGroup>
    <ClCompile Include="deep-learning\mnist.cpp">
      <Filter>deep-learning</Filter>
    </ClCompile>
    <ClCompile Include="deep-learning\v1\custom.cpp">
      <Filter>deep-learning\v1</Filter>
    </ClCompile>
    <ClCompile Include="deep-learning\v1\fx_simulator.cpp">
      <Filter>deep-learning\v1</Filter>
    </ClCompile>
    <ClCompile Include="deep-learning\v1\grid_search_opt.cpp">
      <Filter>deep-learning\v1</Filter>
    </ClCompile>
    <ClCompile Include="deep-learning\v1\optimize.cpp">
      <Filter>deep-learning\v1</Filter>
    </ClCompile>
    <ClCompile Include="deep-learning\v1\pre_training.cpp">
      <Filter>deep-learning\v1</Filter>
    </ClCompile>
    <ClCompile Include="deep-learning\v1\sae_lstm.cpp">
      <Filter>deep-learning\v1</Filter>
    </ClCompile>
    <ClCompile Include="deep-learning\v1\transfer_learning.cpp">
      <Filter>deep-learning\v1</Filter>
    </ClCompile>
    <ClCompile Include="main.cpp" />
    <ClCompile Include="pch.cpp" />
  </ItemGroup>
  <ItemGroup>
    <ClInclude Include="deep-learning\mnist.hpp">
      <Filter>deep-learning</Filter>
    </ClInclude>
    <ClInclude Include="deep-learning\v1\custom.hpp">
      <Filter>deep-learning\v1</Filter>
    </ClInclude>
    <ClInclude Include="pch.hpp" />
    <ClInclude Include="version.hpp" />
  </ItemGroup>
  <ItemGroup>
    <ResourceCompile Include="deep-learning-run-win.rc" />
  </ItemGroup>
</Project>